
Microsoft Visual Studio Solution File, Format Version 12.00
# Visual Studio Version 17
VisualStudioVersion = 17.5.33530.505
MinimumVisualStudioVersion = 10.0.40219.1
Project("{FAE04EC0-301F-11D3-BF4B-00C04F79EFBC}") = "GradeCalculator", "GradeCalculator.csproj", "{8B063E4F-D213-40CB-B1D0-E4C19F252F88}"
EndProject
Global
	GlobalSection(SolutionConfigurationPlatforms) = preSolution
		Debug|Any CPU = Debug|Any CPU
		Release|Any CPU = Release|Any CPU
	EndGlobalSection
	GlobalSection(ProjectConfigurationPlatforms) = postSolution
		{8B063E4F-D213-40CB-B1D0-E4C19F252F88}.Debug|Any CPU.ActiveCfg = Debug|Any CPU
		{8B063E4F-D213-40CB-B1D0-E4C19F252F88}.Debug|Any CPU.Build.0 = Debug|Any CPU
		{8B063E4F-D213-40CB-B1D0-E4C19F252F88}.Release|Any CPU.ActiveCfg = Release|Any CPU
		{8B063E4F-D213-40CB-B1D0-E4C19F252F88}.Release|Any CPU.Build.0 = Release|Any CPU
	EndGlobalSection
	GlobalSection(SolutionProperties) = preSolution
		HideSolutionNode = FALSE
	EndGlobalSection
	GlobalSection(ExtensibilityGlobals) = postSolution
		SolutionGuid = {A57B6785-8BC6-44B9-9852-A6D986D84F8D}
	EndGlobalSection
EndGlobal
